
Microsoft Visual Studio Solution File, Format Version 12.00
# Visual Studio Version 17
VisualStudioVersion = 17.5.002.0
MinimumVisualStudioVersion = 10.0.40219.1
Project("{9A19103F-16F7-4668-BE54-9A1E7A4F7556}") = "ExpenseTrackerApp", "ExpenseTrackerApp\ExpenseTrackerApp.csproj", "{93EE1433-1E53-4DB1-ADFF-6ED631C73ADF}"
EndProject
Global
	GlobalSection(SolutionConfigurationPlatforms) = preSolution
		Debug|Any CPU = Debug|Any CPU
		Release|Any CPU = Release|Any CPU
	EndGlobalSection
	GlobalSection(ProjectConfigurationPlatforms) = postSolution
		{93EE1433-1E53-4DB1-ADFF-6ED631C73ADF}.Debug|Any CPU.ActiveCfg = Debug|Any CPU
		{93EE1433-1E53-4DB1-ADFF-6ED631C73ADF}.Debug|Any CPU.Build.0 = Debug|Any CPU
		{93EE1433-1E53-4DB1-ADFF-6ED631C73ADF}.Release|Any CPU.ActiveCfg = Release|Any CPU
		{93EE1433-1E53-4DB1-ADFF-6ED631C73ADF}.Release|Any CPU.Build.0 = Release|Any CPU
	EndGlobalSection
	GlobalSection(SolutionProperties) = preSolution
		HideSolutionNode = FALSE
	EndGlobalSection
	GlobalSection(ExtensibilityGlobals) = postSolution
		SolutionGuid = {06E2292C-9E34-413A-98C5-2DFEFB9C6415}
	EndGlobalSection
EndGlobal
